// !$*UTF8*$!
{
	archiveVersion = 1;
	classes = {
	};
	objectVersion = 46;
	objects = {

/* Begin PBXBuildFile section */
		63158E461F2671B200ECFEA9 /* configurations.swift in Sources */ = {isa = PBXBuildFile; fileRef = 63158E451F2671B200ECFEA9 /* configurations.swift */; };
		63158E581F26789700ECFEA9 /* Assets.xcassets in Resources */ = {isa = PBXBuildFile; fileRef = 63158E4B1F26789700ECFEA9 /* Assets.xcassets */; };
		63158E5E1F26789700ECFEA9 /* Firin.sks in Resources */ = {isa = PBXBuildFile; fileRef = 63158E511F26789700ECFEA9 /* Firin.sks */; };
		63AD69511F267A9600A9CF6D /* Fire.swift in Sources */ = {isa = PBXBuildFile; fileRef = 63AD69501F267A9600A9CF6D /* Fire.swift */; };
		63AD69531F267AAA00A9CF6D /* SquareSprite.swift in Sources */ = {isa = PBXBuildFile; fileRef = 63AD69521F267AAA00A9CF6D /* SquareSprite.swift */; };
		63D5E9501F299F40002D739E /* Coin.swift in Sources */ = {isa = PBXBuildFile; fileRef = 63D5E94F1F299F40002D739E /* Coin.swift */; };
		63D5E9541F29ADBE002D739E /* Explodin.sks in Resources */ = {isa = PBXBuildFile; fileRef = 63D5E9531F29ADBE002D739E /* Explodin.sks */; };
		63D5E9591F29B341002D739E /* coin.mp3 in Resources */ = {isa = PBXBuildFile; fileRef = 63D5E9581F29B341002D739E /* coin.mp3 */; };
		63F592941F26A2BC000EDDBB /* Platform.swift in Sources */ = {isa = PBXBuildFile; fileRef = 63F592931F26A2BC000EDDBB /* Platform.swift */; };
		63F592961F26A4DD000EDDBB /* Platform.sks in Resources */ = {isa = PBXBuildFile; fileRef = 63F592951F26A4DD000EDDBB /* Platform.sks */; };
		BBA0AB861F264FB700D44F37 /* AppDelegate.swift in Sources */ = {isa = PBXBuildFile; fileRef = BBA0AB851F264FB700D44F37 /* AppDelegate.swift */; };
		BBA0AB881F264FB700D44F37 /* GameScene.sks in Resources */ = {isa = PBXBuildFile; fileRef = BBA0AB871F264FB700D44F37 /* GameScene.sks */; };
		BBA0AB8A1F264FB700D44F37 /* Actions.sks in Resources */ = {isa = PBXBuildFile; fileRef = BBA0AB891F264FB700D44F37 /* Actions.sks */; };
		BBA0AB8C1F264FB700D44F37 /* GameScene.swift in Sources */ = {isa = PBXBuildFile; fileRef = BBA0AB8B1F264FB700D44F37 /* GameScene.swift */; };
		BBA0AB8E1F264FB700D44F37 /* GameViewController.swift in Sources */ = {isa = PBXBuildFile; fileRef = BBA0AB8D1F264FB700D44F37 /* GameViewController.swift */; };
		BBA0AB911F264FB700D44F37 /* Main.storyboard in Resources */ = {isa = PBXBuildFile; fileRef = BBA0AB8F1F264FB700D44F37 /* Main.storyboard */; };
		BBA0AB931F264FB700D44F37 /* Assets.xcassets in Resources */ = {isa = PBXBuildFile; fileRef = BBA0AB921F264FB700D44F37 /* Assets.xcassets */; };
		BBA0AB961F264FB700D44F37 /* LaunchScreen.storyboard in Resources */ = {isa = PBXBuildFile; fileRef = BBA0AB941F264FB700D44F37 /* LaunchScreen.storyboard */; };
		BBA0ABA21F26891600D44F37 /* Updateable.swift in Sources */ = {isa = PBXBuildFile; fileRef = BBA0ABA11F26891600D44F37 /* Updateable.swift */; };
		CF8EFC8B1F28B07100DC7BE6 /* Cannon.swift in Sources */ = {isa = PBXBuildFile; fileRef = CF8EFC8A1F28B07100DC7BE6 /* Cannon.swift */; };
		CF8EFC8D1F28BD4C00DC7BE6 /* Extensions.swift in Sources */ = {isa = PBXBuildFile; fileRef = CF8EFC8C1F28BD4C00DC7BE6 /* Extensions.swift */; };
/* End PBXBuildFile section */

/* Begin PBXFileReference section */
		63158E451F2671B200ECFEA9 /* configurations.swift */ = {isa = PBXFileReference; fileEncoding = 4; lastKnownFileType = sourcecode.swift; path = configurations.swift; sourceTree = "<group>"; };
		63158E4B1F26789700ECFEA9 /* Assets.xcassets */ = {isa = PBXFileReference; lastKnownFileType = folder.assetcatalog; path = Assets.xcassets; sourceTree = "<group>"; };
		63158E511F26789700ECFEA9 /* Firin.sks */ = {isa = PBXFileReference; lastKnownFileType = file.sks; path = Firin.sks; sourceTree = "<group>"; };
		63AD69501F267A9600A9CF6D /* Fire.swift */ = {isa = PBXFileReference; fileEncoding = 4; lastKnownFileType = sourcecode.swift; path = Fire.swift; sourceTree = "<group>"; };
		63AD69521F267AAA00A9CF6D /* SquareSprite.swift */ = {isa = PBXFileReference; fileEncoding = 4; lastKnownFileType = sourcecode.swift; path = SquareSprite.swift; sourceTree = "<group>"; };
		63D5E94F1F299F40002D739E /* Coin.swift */ = {isa = PBXFileReference; fileEncoding = 4; lastKnownFileType = sourcecode.swift; path = Coin.swift; sourceTree = "<group>"; };
		63D5E9531F29ADBE002D739E /* Explodin.sks */ = {isa = PBXFileReference; lastKnownFileType = file.sks; path = Explodin.sks; sourceTree = "<group>"; };
		63D5E9581F29B341002D739E /* coin.mp3 */ = {isa = PBXFileReference; lastKnownFileType = audio.mp3; path = coin.mp3; sourceTree = "<group>"; };
		63F592931F26A2BC000EDDBB /* Platform.swift */ = {isa = PBXFileReference; fileEncoding = 4; lastKnownFileType = sourcecode.swift; path = Platform.swift; sourceTree = "<group>"; };
		63F592951F26A4DD000EDDBB /* Platform.sks */ = {isa = PBXFileReference; lastKnownFileType = file.sks; path = Platform.sks; sourceTree = "<group>"; };
		BBA0AB821F264FB700D44F37 /* SKAUNG Dev Tag v1.app */ = {isa = PBXFileReference; explicitFileType = wrapper.application; includeInIndex = 0; path = "SKAUNG Dev Tag v1.app"; sourceTree = BUILT_PRODUCTS_DIR; };
		BBA0AB851F264FB700D44F37 /* AppDelegate.swift */ = {isa = PBXFileReference; lastKnownFileType = sourcecode.swift; path = AppDelegate.swift; sourceTree = "<group>"; };
		BBA0AB871F264FB700D44F37 /* GameScene.sks */ = {isa = PBXFileReference; lastKnownFileType = file.sks; path = GameScene.sks; sourceTree = "<group>"; };
		BBA0AB891F264FB700D44F37 /* Actions.sks */ = {isa = PBXFileReference; lastKnownFileType = file.sks; path = Actions.sks; sourceTree = "<group>"; };
		BBA0AB8B1F264FB700D44F37 /* GameScene.swift */ = {isa = PBXFileReference; lastKnownFileType = sourcecode.swift; path = GameScene.swift; sourceTree = "<group>"; };
		BBA0AB8D1F264FB700D44F37 /* GameViewController.swift */ = {isa = PBXFileReference; lastKnownFileType = sourcecode.swift; path = GameViewController.swift; sourceTree = "<group>"; };
		BBA0AB901F264FB700D44F37 /* Base */ = {isa = PBXFileReference; lastKnownFileType = file.storyboard; name = Base; path = Base.lproj/Main.storyboard; sourceTree = "<group>"; };
		BBA0AB921F264FB700D44F37 /* Assets.xcassets */ = {isa = PBXFileReference; lastKnownFileType = folder.assetcatalog; path = Assets.xcassets; sourceTree = "<group>"; };
		BBA0AB951F264FB700D44F37 /* Base */ = {isa = PBXFileReference; lastKnownFileType = file.storyboard; name = Base; path = Base.lproj/LaunchScreen.storyboard; sourceTree = "<group>"; };
		BBA0AB971F264FB700D44F37 /* Info.plist */ = {isa = PBXFileReference; lastKnownFileType = text.plist.xml; path = Info.plist; sourceTree = "<group>"; };
		BBA0ABA11F26891600D44F37 /* Updateable.swift */ = {isa = PBXFileReference; fileEncoding = 4; lastKnownFileType = sourcecode.swift; name = Updateable.swift; path = Protocols/Updateable.swift; sourceTree = "<group>"; };
		CF8EFC8A1F28B07100DC7BE6 /* Cannon.swift */ = {isa = PBXFileReference; fileEncoding = 4; lastKnownFileType = sourcecode.swift; path = Cannon.swift; sourceTree = "<group>"; };
		CF8EFC8C1F28BD4C00DC7BE6 /* Extensions.swift */ = {isa = PBXFileReference; fileEncoding = 4; lastKnownFileType = sourcecode.swift; path = Extensions.swift; sourceTree = "<group>"; };
/* End PBXFileReference section */

/* Begin PBXFrameworksBuildPhase section */
		BBA0AB7F1F264FB700D44F37 /* Frameworks */ = {
			isa = PBXFrameworksBuildPhase;
			buildActionMask = 2147483647;
			files = (
			);
			runOnlyForDeploymentPostprocessing = 0;
		};
/* End PBXFrameworksBuildPhase section */

/* Begin PBXGroup section */
		63158E491F26789700ECFEA9 /* Resources */ = {
			isa = PBXGroup;
			children = (
				63D5E9551F29AEF9002D739E /* Sounds */,
				63158E4A1F26789700ECFEA9 /* Particles */,
			);
			path = Resources;
			sourceTree = "<group>";
		};
		63158E4A1F26789700ECFEA9 /* Particles */ = {
			isa = PBXGroup;
			children = (
				63158E4B1F26789700ECFEA9 /* Assets.xcassets */,
				63158E511F26789700ECFEA9 /* Firin.sks */,
				63D5E9531F29ADBE002D739E /* Explodin.sks */,
			);
			path = Particles;
			sourceTree = "<group>";
		};
		63AD694D1F267A7C00A9CF6D /* Sprites */ = {
			isa = PBXGroup;
			children = (
				63AD69501F267A9600A9CF6D /* Fire.swift */,
				63AD69521F267AAA00A9CF6D /* SquareSprite.swift */,
				63F592931F26A2BC000EDDBB /* Platform.swift */,
				63F592951F26A4DD000EDDBB /* Platform.sks */,
				CF8EFC8A1F28B07100DC7BE6 /* Cannon.swift */,
				63D5E94F1F299F40002D739E /* Coin.swift */,
			);
			path = Sprites;
			sourceTree = "<group>";
		};
		63D5E9551F29AEF9002D739E /* Sounds */ = {
			isa = PBXGroup;
			children = (
				63D5E9581F29B341002D739E /* coin.mp3 */,
			);
			path = Sounds;
			sourceTree = "<group>";
		};
		BBA0AB791F264FB700D44F37 = {
			isa = PBXGroup;
			children = (
				BBA0AB841F264FB700D44F37 /* SKAUNG Dev Tag v1 */,
				BBA0AB831F264FB700D44F37 /* Products */,
			);
			sourceTree = "<group>";
		};
		BBA0AB831F264FB700D44F37 /* Products */ = {
			isa = PBXGroup;
			children = (
				BBA0AB821F264FB700D44F37 /* SKAUNG Dev Tag v1.app */,
			);
			name = Products;
			sourceTree = "<group>";
		};
		BBA0AB841F264FB700D44F37 /* SKAUNG Dev Tag v1 */ = {
			isa = PBXGroup;
			children = (
				BBA0ABA01F26890300D44F37 /* Protocols */,
				63158E491F26789700ECFEA9 /* Resources */,
				63AD694D1F267A7C00A9CF6D /* Sprites */,
				BBA0AB851F264FB700D44F37 /* AppDelegate.swift */,
				BBA0AB871F264FB700D44F37 /* GameScene.sks */,
				BBA0AB891F264FB700D44F37 /* Actions.sks */,
				63158E451F2671B200ECFEA9 /* configurations.swift */,
				CF8EFC8C1F28BD4C00DC7BE6 /* Extensions.swift */,
				BBA0AB8B1F264FB700D44F37 /* GameScene.swift */,
				BBA0AB8D1F264FB700D44F37 /* GameViewController.swift */,
				BBA0AB8F1F264FB700D44F37 /* Main.storyboard */,
				BBA0AB921F264FB700D44F37 /* Assets.xcassets */,
				BBA0AB941F264FB700D44F37 /* LaunchScreen.storyboard */,
				BBA0AB971F264FB700D44F37 /* Info.plist */,
			);
			path = "SKAUNG Dev Tag v1";
			sourceTree = "<group>";
		};
		BBA0ABA01F26890300D44F37 /* Protocols */ = {
			isa = PBXGroup;
			children = (
				BBA0ABA11F26891600D44F37 /* Updateable.swift */,
			);
			name = Protocols;
			sourceTree = "<group>";
		};
/* End PBXGroup section */

/* Begin PBXNativeTarget section */
		BBA0AB811F264FB700D44F37 /* SKAUNG Dev Tag v1 */ = {
			isa = PBXNativeTarget;
			buildConfigurationList = BBA0AB9A1F264FB700D44F37 /* Build configuration list for PBXNativeTarget "SKAUNG Dev Tag v1" */;
			buildPhases = (
				BBA0AB7E1F264FB700D44F37 /* Sources */,
				BBA0AB7F1F264FB700D44F37 /* Frameworks */,
				BBA0AB801F264FB700D44F37 /* Resources */,
				BBA0AB9D1F2652A100D44F37 /* SwiftLint */,
			);
			buildRules = (
			);
			dependencies = (
			);
			name = "SKAUNG Dev Tag v1";
			productName = "SKAUNG Dev Tag v1";
			productReference = BBA0AB821F264FB700D44F37 /* SKAUNG Dev Tag v1.app */;
			productType = "com.apple.product-type.application";
		};
/* End PBXNativeTarget section */

/* Begin PBXProject section */
		BBA0AB7A1F264FB700D44F37 /* Project object */ = {
			isa = PBXProject;
			attributes = {
				LastSwiftUpdateCheck = 0830;
				LastUpgradeCheck = 0830;
				ORGANIZATIONNAME = "SpriteKit Alliance";
				TargetAttributes = {
					BBA0AB811F264FB700D44F37 = {
						CreatedOnToolsVersion = 8.3.3;
						DevelopmentTeam = LU8XR8Y9JS;
						ProvisioningStyle = Automatic;
					};
				};
			};
			buildConfigurationList = BBA0AB7D1F264FB700D44F37 /* Build configuration list for PBXProject "SKAUNG Dev Tag v1" */;
			compatibilityVersion = "Xcode 3.2";
			developmentRegion = English;
			hasScannedForEncodings = 0;
			knownRegions = (
				en,
				Base,
			);
			mainGroup = BBA0AB791F264FB700D44F37;
			productRefGroup = BBA0AB831F264FB700D44F37 /* Products */;
			projectDirPath = "";
			projectRoot = "";
			targets = (
				BBA0AB811F264FB700D44F37 /* SKAUNG Dev Tag v1 */,
			);
		};
/* End PBXProject section */

/* Begin PBXResourcesBuildPhase section */
		BBA0AB801F264FB700D44F37 /* Resources */ = {
			isa = PBXResourcesBuildPhase;
			buildActionMask = 2147483647;
			files = (
				63F592961F26A4DD000EDDBB /* Platform.sks in Resources */,
				63D5E9541F29ADBE002D739E /* Explodin.sks in Resources */,
				BBA0AB911F264FB700D44F37 /* Main.storyboard in Resources */,
				BBA0AB881F264FB700D44F37 /* GameScene.sks in Resources */,
				63158E5E1F26789700ECFEA9 /* Firin.sks in Resources */,
				BBA0AB931F264FB700D44F37 /* Assets.xcassets in Resources */,
				BBA0AB961F264FB700D44F37 /* LaunchScreen.storyboard in Resources */,
				63D5E9591F29B341002D739E /* coin.mp3 in Resources */,
				63158E581F26789700ECFEA9 /* Assets.xcassets in Resources */,
				BBA0AB8A1F264FB700D44F37 /* Actions.sks in Resources */,
			);
			runOnlyForDeploymentPostprocessing = 0;
		};
/* End PBXResourcesBuildPhase section */

/* Begin PBXShellScriptBuildPhase section */
		BBA0AB9D1F2652A100D44F37 /* SwiftLint */ = {
			isa = PBXShellScriptBuildPhase;
			buildActionMask = 2147483647;
			files = (
			);
			inputPaths = (
			);
			name = SwiftLint;
			outputPaths = (
			);
			runOnlyForDeploymentPostprocessing = 0;
			shellPath = /bin/sh;
			shellScript = "if which swiftlint >/dev/null; then\nswiftlint\nelse\necho \"warning: SwiftLint not installed, download from https://github.com/realm/SwiftLint\"\nfi";
		};
/* End PBXShellScriptBuildPhase section */

/* Begin PBXSourcesBuildPhase section */
		BBA0AB7E1F264FB700D44F37 /* Sources */ = {
			isa = PBXSourcesBuildPhase;
			buildActionMask = 2147483647;
			files = (
				BBA0ABA21F26891600D44F37 /* Updateable.swift in Sources */,
				BBA0AB8C1F264FB700D44F37 /* GameScene.swift in Sources */,
				63AD69531F267AAA00A9CF6D /* SquareSprite.swift in Sources */,
				63AD69511F267A9600A9CF6D /* Fire.swift in Sources */,
				CF8EFC8B1F28B07100DC7BE6 /* Cannon.swift in Sources */,
				CF8EFC8D1F28BD4C00DC7BE6 /* Extensions.swift in Sources */,
				63158E461F2671B200ECFEA9 /* configurations.swift in Sources */,
				BBA0AB8E1F264FB700D44F37 /* GameViewController.swift in Sources */,
				63F592941F26A2BC000EDDBB /* Platform.swift in Sources */,
				63D5E9501F299F40002D739E /* Coin.swift in Sources */,
				BBA0AB861F264FB700D44F37 /* AppDelegate.swift in Sources */,
			);
			runOnlyForDeploymentPostprocessing = 0;
		};
/* End PBXSourcesBuildPhase section */

/* Begin PBXVariantGroup section */
		BBA0AB8F1F264FB700D44F37 /* Main.storyboard */ = {
			isa = PBXVariantGroup;
			children = (
				BBA0AB901F264FB700D44F37 /* Base */,
			);
			name = Main.storyboard;
			sourceTree = "<group>";
		};
		BBA0AB941F264FB700D44F37 /* LaunchScreen.storyboard */ = {
			isa = PBXVariantGroup;
			children = (
				BBA0AB951F264FB700D44F37 /* Base */,
			);
			name = LaunchScreen.storyboard;
			sourceTree = "<group>";
		};
/* End PBXVariantGroup section */

/* Begin XCBuildConfiguration section */
		BBA0AB981F264FB700D44F37 /* Debug */ = {
			isa = XCBuildConfiguration;
			buildSettings = {
				ALWAYS_SEARCH_USER_PATHS = NO;
				CLANG_ANALYZER_NONNULL = YES;
				CLANG_ANALYZER_NUMBER_OBJECT_CONVERSION = YES_AGGRESSIVE;
				CLANG_CXX_LANGUAGE_STANDARD = "gnu++0x";
				CLANG_CXX_LIBRARY = "libc++";
				CLANG_ENABLE_MODULES = YES;
				CLANG_ENABLE_OBJC_ARC = YES;
				CLANG_WARN_BOOL_CONVERSION = YES;
				CLANG_WARN_CONSTANT_CONVERSION = YES;
				CLANG_WARN_DIRECT_OBJC_ISA_USAGE = YES_ERROR;
				CLANG_WARN_DOCUMENTATION_COMMENTS = YES;
				CLANG_WARN_EMPTY_BODY = YES;
				CLANG_WARN_ENUM_CONVERSION = YES;
				CLANG_WARN_INFINITE_RECURSION = YES;
				CLANG_WARN_INT_CONVERSION = YES;
				CLANG_WARN_OBJC_ROOT_CLASS = YES_ERROR;
				CLANG_WARN_SUSPICIOUS_MOVE = YES;
				CLANG_WARN_UNREACHABLE_CODE = YES;
				CLANG_WARN__DUPLICATE_METHOD_MATCH = YES;
				"CODE_SIGN_IDENTITY[sdk=iphoneos*]" = "iPhone Developer";
				COPY_PHASE_STRIP = NO;
				DEBUG_INFORMATION_FORMAT = dwarf;
				ENABLE_STRICT_OBJC_MSGSEND = YES;
				ENABLE_TESTABILITY = YES;
				GCC_C_LANGUAGE_STANDARD = gnu99;
				GCC_DYNAMIC_NO_PIC = NO;
				GCC_NO_COMMON_BLOCKS = YES;
				GCC_OPTIMIZATION_LEVEL = 0;
				GCC_PREPROCESSOR_DEFINITIONS = (
					"DEBUG=1",
					"$(inherited)",
				);
				GCC_WARN_64_TO_32_BIT_CONVERSION = YES;
				GCC_WARN_ABOUT_RETURN_TYPE = YES_ERROR;
				GCC_WARN_UNDECLARED_SELECTOR = YES;
				GCC_WARN_UNINITIALIZED_AUTOS = YES_AGGRESSIVE;
				GCC_WARN_UNUSED_FUNCTION = YES;
				GCC_WARN_UNUSED_VARIABLE = YES;
				IPHONEOS_DEPLOYMENT_TARGET = 10.3;
				MTL_ENABLE_DEBUG_INFO = YES;
				ONLY_ACTIVE_ARCH = YES;
				SDKROOT = iphoneos;
				SWIFT_ACTIVE_COMPILATION_CONDITIONS = DEBUG;
				SWIFT_OPTIMIZATION_LEVEL = "-Onone";
			};
			name = Debug;
		};
		BBA0AB991F264FB700D44F37 /* Release */ = {
			isa = XCBuildConfiguration;
			buildSettings = {
				ALWAYS_SEARCH_USER_PATHS = NO;
				CLANG_ANALYZER_NONNULL = YES;
				CLANG_ANALYZER_NUMBER_OBJECT_CONVERSION = YES_AGGRESSIVE;
				CLANG_CXX_LANGUAGE_STANDARD = "gnu++0x";
				CLANG_CXX_LIBRARY = "libc++";
				CLANG_ENABLE_MODULES = YES;
				CLANG_ENABLE_OBJC_ARC = YES;
				CLANG_WARN_BOOL_CONVERSION = YES;
				CLANG_WARN_CONSTANT_CONVERSION = YES;
				CLANG_WARN_DIRECT_OBJC_ISA_USAGE = YES_ERROR;
				CLANG_WARN_DOCUMENTATION_COMMENTS = YES;
				CLANG_WARN_EMPTY_BODY = YES;
				CLANG_WARN_ENUM_CONVERSION = YES;
				CLANG_WARN_INFINITE_RECURSION = YES;
				CLANG_WARN_INT_CONVERSION = YES;
				CLANG_WARN_OBJC_ROOT_CLASS = YES_ERROR;
				CLANG_WARN_SUSPICIOUS_MOVE = YES;
				CLANG_WARN_UNREACHABLE_CODE = YES;
				CLANG_WARN__DUPLICATE_METHOD_MATCH = YES;
				"CODE_SIGN_IDENTITY[sdk=iphoneos*]" = "iPhone Developer";
				COPY_PHASE_STRIP = NO;
				DEBUG_INFORMATION_FORMAT = "dwarf-with-dsym";
				ENABLE_NS_ASSERTIONS = NO;
				ENABLE_STRICT_OBJC_MSGSEND = YES;
				GCC_C_LANGUAGE_STANDARD = gnu99;
				GCC_NO_COMMON_BLOCKS = YES;
				GCC_WARN_64_TO_32_BIT_CONVERSION = YES;
				GCC_WARN_ABOUT_RETURN_TYPE = YES_ERROR;
				GCC_WARN_UNDECLARED_SELECTOR = YES;
				GCC_WARN_UNINITIALIZED_AUTOS = YES_AGGRESSIVE;
				GCC_WARN_UNUSED_FUNCTION = YES;
				GCC_WARN_UNUSED_VARIABLE = YES;
				IPHONEOS_DEPLOYMENT_TARGET = 10.3;
				MTL_ENABLE_DEBUG_INFO = NO;
				SDKROOT = iphoneos;
				SWIFT_OPTIMIZATION_LEVEL = "-Owholemodule";
				VALIDATE_PRODUCT = YES;
			};
			name = Release;
		};
		BBA0AB9B1F264FB700D44F37 /* Debug */ = {
			isa = XCBuildConfiguration;
			buildSettings = {
				ASSETCATALOG_COMPILER_APPICON_NAME = AppIcon;
				DEVELOPMENT_TEAM = LU8XR8Y9JS;
				INFOPLIST_FILE = "SKAUNG Dev Tag v1/Info.plist";
				IPHONEOS_DEPLOYMENT_TARGET = 10.2;
				LD_RUNPATH_SEARCH_PATHS = "$(inherited) @executable_path/Frameworks";
				PRODUCT_BUNDLE_IDENTIFIER = "com.spritekitalliance.SKAUNG-Dev-Tag-v1";
				PRODUCT_NAME = "$(TARGET_NAME)";
				SWIFT_VERSION = 3.0;
				TARGETED_DEVICE_FAMILY = "1,2";
			};
			name = Debug;
		};
		BBA0AB9C1F264FB700D44F37 /* Release */ = {
			isa = XCBuildConfiguration;
			buildSettings = {
				ASSETCATALOG_COMPILER_APPICON_NAME = AppIcon;
				DEVELOPMENT_TEAM = LU8XR8Y9JS;
				INFOPLIST_FILE = "SKAUNG Dev Tag v1/Info.plist";
				IPHONEOS_DEPLOYMENT_TARGET = 10.2;
				LD_RUNPATH_SEARCH_PATHS = "$(inherited) @executable_path/Frameworks";
				PRODUCT_BUNDLE_IDENTIFIER = "com.spritekitalliance.SKAUNG-Dev-Tag-v1";
				PRODUCT_NAME = "$(TARGET_NAME)";
				SWIFT_VERSION = 3.0;
				TARGETED_DEVICE_FAMILY = "1,2";
			};
			name = Release;
		};
/* End XCBuildConfiguration section */

/* Begin XCConfigurationList section */
		BBA0AB7D1F264FB700D44F37 /* Build configuration list for PBXProject "SKAUNG Dev Tag v1" */ = {
			isa = XCConfigurationList;
			buildConfigurations = (
				BBA0AB981F264FB700D44F37 /* Debug */,
				BBA0AB991F264FB700D44F37 /* Release */,
			);
			defaultConfigurationIsVisible = 0;
			defaultConfigurationName = Release;
		};
		BBA0AB9A1F264FB700D44F37 /* Build configuration list for PBXNativeTarget "SKAUNG Dev Tag v1" */ = {
			isa = XCConfigurationList;
			buildConfigurations = (
				BBA0AB9B1F264FB700D44F37 /* Debug */,
				BBA0AB9C1F264FB700D44F37 /* Release */,
			);
			defaultConfigurationIsVisible = 0;
			defaultConfigurationName = Release;
		};
/* End XCConfigurationList section */
	};
	rootObject = BBA0AB7A1F264FB700D44F37 /* Project object */;
}
